
Microsoft Visual Studio Solution File, Format Version 12.00
# Visual Studio Version 17
VisualStudioVersion = 17.0.31919.166
MinimumVisualStudioVersion = 10.0.40219.1
Project("{FAE04EC0-301F-11D3-BF4B-00C04F79EFBC}") = "Calculadora", "Calculadora\Calculadora.csproj", "{DE846FA7-180D-4C70-BBE2-A84DE4CA7861}"
EndProject
Global
	GlobalSection(SolutionConfigurationPlatforms) = preSolution
		Debug|Any CPU = Debug|Any CPU
		Release|Any CPU = Release|Any CPU
	EndGlobalSection
	GlobalSection(ProjectConfigurationPlatforms) = postSolution
		{DE846FA7-180D-4C70-BBE2-A84DE4CA7861}.Debug|Any CPU.ActiveCfg = Debug|Any CPU
		{DE846FA7-180D-4C70-BBE2-A84DE4CA7861}.Debug|Any CPU.Build.0 = Debug|Any CPU
		{DE846FA7-180D-4C70-BBE2-A84DE4CA7861}.Release|Any CPU.ActiveCfg = Release|Any CPU
		{DE846FA7-180D-4C70-BBE2-A84DE4CA7861}.Release|Any CPU.Build.0 = Release|Any CPU
	EndGlobalSection
	GlobalSection(SolutionProperties) = preSolution
		HideSolutionNode = FALSE
	EndGlobalSection
	GlobalSection(ExtensibilityGlobals) = postSolution
		SolutionGuid = {9CBB9B7E-6DC3-4DEA-9D53-1F1813507EFA}
	EndGlobalSection
EndGlobal
